// !$*UTF8*$!
{
	archiveVersion = 1;
	classes = {
	};
	objectVersion = 50;
	objects = {

/* Begin PBXBuildFile section */
		F144595924BE716100B5323C /* AppDelegate.swift in Sources */ = {isa = PBXBuildFile; fileRef = F144595824BE716100B5323C /* AppDelegate.swift */; };
		F144595B24BE716100B5323C /* SceneDelegate.swift in Sources */ = {isa = PBXBuildFile; fileRef = F144595A24BE716100B5323C /* SceneDelegate.swift */; };
		F144595D24BE716100B5323C /* ContentView.swift in Sources */ = {isa = PBXBuildFile; fileRef = F144595C24BE716100B5323C /* ContentView.swift */; };
		F144595F24BE716400B5323C /* Assets.xcassets in Resources */ = {isa = PBXBuildFile; fileRef = F144595E24BE716400B5323C /* Assets.xcassets */; };
		F144596224BE716400B5323C /* Preview Assets.xcassets in Resources */ = {isa = PBXBuildFile; fileRef = F144596124BE716400B5323C /* Preview Assets.xcassets */; };
		F144596524BE716400B5323C /* LaunchScreen.storyboard in Resources */ = {isa = PBXBuildFile; fileRef = F144596324BE716400B5323C /* LaunchScreen.storyboard */; };
		F144596E24BE735A00B5323C /* CedarvilleCursive-Regular.ttf in Resources */ = {isa = PBXBuildFile; fileRef = F144596D24BE735A00B5323C /* CedarvilleCursive-Regular.ttf */; };
		F144597024BE7B6900B5323C /* InfoView.swift in Sources */ = {isa = PBXBuildFile; fileRef = F144596F24BE7B6900B5323C /* InfoView.swift */; };
/* End PBXBuildFile section */

/* Begin PBXFileReference section */
		F144595524BE716100B5323C /* Business card.app */ = {isa = PBXFileReference; explicitFileType = wrapper.application; includeInIndex = 0; path = "Business card.app"; sourceTree = BUILT_PRODUCTS_DIR; };
		F144595824BE716100B5323C /* AppDelegate.swift */ = {isa = PBXFileReference; lastKnownFileType = sourcecode.swift; path = AppDelegate.swift; sourceTree = "<group>"; };
		F144595A24BE716100B5323C /* SceneDelegate.swift */ = {isa = PBXFileReference; lastKnownFileType = sourcecode.swift; path = SceneDelegate.swift; sourceTree = "<group>"; };
		F144595C24BE716100B5323C /* ContentView.swift */ = {isa = PBXFileReference; lastKnownFileType = sourcecode.swift; path = ContentView.swift; sourceTree = "<group>"; };
		F144595E24BE716400B5323C /* Assets.xcassets */ = {isa = PBXFileReference; lastKnownFileType = folder.assetcatalog; path = Assets.xcassets; sourceTree = "<group>"; };
		F144596124BE716400B5323C /* Preview Assets.xcassets */ = {isa = PBXFileReference; lastKnownFileType = folder.assetcatalog; path = "Preview Assets.xcassets"; sourceTree = "<group>"; };
		F144596424BE716400B5323C /* Base */ = {isa = PBXFileReference; lastKnownFileType = file.storyboard; name = Base; path = Base.lproj/LaunchScreen.storyboard; sourceTree = "<group>"; };
		F144596624BE716400B5323C /* Info.plist */ = {isa = PBXFileReference; lastKnownFileType = text.plist.xml; path = Info.plist; sourceTree = "<group>"; };
		F144596D24BE735A00B5323C /* CedarvilleCursive-Regular.ttf */ = {isa = PBXFileReference; lastKnownFileType = file; path = "CedarvilleCursive-Regular.ttf"; sourceTree = "<group>"; };
		F144596F24BE7B6900B5323C /* InfoView.swift */ = {isa = PBXFileReference; lastKnownFileType = sourcecode.swift; path = InfoView.swift; sourceTree = "<group>"; };
/* End PBXFileReference section */

/* Begin PBXFrameworksBuildPhase section */
		F144595224BE716100B5323C /* Frameworks */ = {
			isa = PBXFrameworksBuildPhase;
			buildActionMask = 2147483647;
			files = (
			);
			runOnlyForDeploymentPostprocessing = 0;
		};
/* End PBXFrameworksBuildPhase section */

/* Begin PBXGroup section */
		F144594C24BE716100B5323C = {
			isa = PBXGroup;
			children = (
				F144595724BE716100B5323C /* Business card */,
				F144595624BE716100B5323C /* Products */,
			);
			sourceTree = "<group>";
		};
		F144595624BE716100B5323C /* Products */ = {
			isa = PBXGroup;
			children = (
				F144595524BE716100B5323C /* Business card.app */,
			);
			name = Products;
			sourceTree = "<group>";
		};
		F144595724BE716100B5323C /* Business card */ = {
			isa = PBXGroup;
			children = (
				F144596C24BE734300B5323C /* fonts */,
				F144595824BE716100B5323C /* AppDelegate.swift */,
				F144595A24BE716100B5323C /* SceneDelegate.swift */,
				F144595C24BE716100B5323C /* ContentView.swift */,
				F144596F24BE7B6900B5323C /* InfoView.swift */,
				F144595E24BE716400B5323C /* Assets.xcassets */,
				F144596324BE716400B5323C /* LaunchScreen.storyboard */,
				F144596624BE716400B5323C /* Info.plist */,
				F144596024BE716400B5323C /* Preview Content */,
			);
			path = "Business card";
			sourceTree = "<group>";
		};
		F144596024BE716400B5323C /* Preview Content */ = {
			isa = PBXGroup;
			children = (
				F144596124BE716400B5323C /* Preview Assets.xcassets */,
			);
			path = "Preview Content";
			sourceTree = "<group>";
		};
		F144596C24BE734300B5323C /* fonts */ = {
			isa = PBXGroup;
			children = (
				F144596D24BE735A00B5323C /* CedarvilleCursive-Regular.ttf */,
			);
			path = fonts;
			sourceTree = "<group>";
		};
/* End PBXGroup section */

/* Begin PBXNativeTarget section */
		F144595424BE716100B5323C /* Business card */ = {
			isa = PBXNativeTarget;
			buildConfigurationList = F144596924BE716400B5323C /* Build configuration list for PBXNativeTarget "Business card" */;
			buildPhases = (
				F144595124BE716100B5323C /* Sources */,
				F144595224BE716100B5323C /* Frameworks */,
				F144595324BE716100B5323C /* Resources */,
			);
			buildRules = (
			);
			dependencies = (
			);
			name = "Business card";
			productName = "Business card";
			productReference = F144595524BE716100B5323C /* Business card.app */;
			productType = "com.apple.product-type.application";
		};
/* End PBXNativeTarget section */

/* Begin PBXProject section */
		F144594D24BE716100B5323C /* Project object */ = {
			isa = PBXProject;
			attributes = {
				LastSwiftUpdateCheck = 1150;
				LastUpgradeCheck = 1150;
				ORGANIZATIONNAME = "Homer li";
				TargetAttributes = {
					F144595424BE716100B5323C = {
						CreatedOnToolsVersion = 11.5;
					};
				};
			};
			buildConfigurationList = F144595024BE716100B5323C /* Build configuration list for PBXProject "Business card" */;
			compatibilityVersion = "Xcode 9.3";
			developmentRegion = en;
			hasScannedForEncodings = 0;
			knownRegions = (
				en,
				Base,
			);
			mainGroup = F144594C24BE716100B5323C;
			productRefGroup = F144595624BE716100B5323C /* Products */;
			projectDirPath = "";
			projectRoot = "";
			targets = (
				F144595424BE716100B5323C /* Business card */,
			);
		};
/* End PBXProject section */

/* Begin PBXResourcesBuildPhase section */
		F144595324BE716100B5323C /* Resources */ = {
			isa = PBXResourcesBuildPhase;
			buildActionMask = 2147483647;
			files = (
				F144596E24BE735A00B5323C /* CedarvilleCursive-Regular.ttf in Resources */,
				F144596524BE716400B5323C /* LaunchScreen.storyboard in Resources */,
				F144596224BE716400B5323C /* Preview Assets.xcassets in Resources */,
				F144595F24BE716400B5323C /* Assets.xcassets in Resources */,
			);
			runOnlyForDeploymentPostprocessing = 0;
		};
/* End PBXResourcesBuildPhase section */

/* Begin PBXSourcesBuildPhase section */
		F144595124BE716100B5323C /* Sources */ = {
			isa = PBXSourcesBuildPhase;
			buildActionMask = 2147483647;
			files = (
				F144597024BE7B6900B5323C /* InfoView.swift in Sources */,
				F144595924BE716100B5323C /* AppDelegate.swift in Sources */,
				F144595B24BE716100B5323C /* SceneDelegate.swift in Sources */,
				F144595D24BE716100B5323C /* ContentView.swift in Sources */,
			);
			runOnlyForDeploymentPostprocessing = 0;
		};
/* End PBXSourcesBuildPhase section */

/* Begin PBXVariantGroup section */
		F144596324BE716400B5323C /* LaunchScreen.storyboard */ = {
			isa = PBXVariantGroup;
			children = (
				F144596424BE716400B5323C /* Base */,
			);
			name = LaunchScreen.storyboard;
			sourceTree = "<group>";
		};
/* End PBXVariantGroup section */

/* Begin XCBuildConfiguration section */
		F144596724BE716400B5323C /* Debug */ = {
			isa = XCBuildConfiguration;
			buildSettings = {
				ALWAYS_SEARCH_USER_PATHS = NO;
				CLANG_ANALYZER_NONNULL = YES;
				CLANG_ANALYZER_NUMBER_OBJECT_CONVERSION = YES_AGGRESSIVE;
				CLANG_CXX_LANGUAGE_STANDARD = "gnu++14";
				CLANG_CXX_LIBRARY = "libc++";
				CLANG_ENABLE_MODULES = YES;
				CLANG_ENABLE_OBJC_ARC = YES;
				CLANG_ENABLE_OBJC_WEAK = YES;
				CLANG_WARN_BLOCK_CAPTURE_AUTORELEASING = YES;
				CLANG_WARN_BOOL_CONVERSION = YES;
				CLANG_WARN_COMMA = YES;
				CLANG_WARN_CONSTANT_CONVERSION = YES;
				CLANG_WARN_DEPRECATED_OBJC_IMPLEMENTATIONS = YES;
				CLANG_WARN_DIRECT_OBJC_ISA_USAGE = YES_ERROR;
				CLANG_WARN_DOCUMENTATION_COMMENTS = YES;
				CLANG_WARN_EMPTY_BODY = YES;
				CLANG_WARN_ENUM_CONVERSION = YES;
				CLANG_WARN_INFINITE_RECURSION = YES;
				CLANG_WARN_INT_CONVERSION = YES;
				CLANG_WARN_NON_LITERAL_NULL_CONVERSION = YES;
				CLANG_WARN_OBJC_IMPLICIT_RETAIN_SELF = YES;
				CLANG_WARN_OBJC_LITERAL_CONVERSION = YES;
				CLANG_WARN_OBJC_ROOT_CLASS = YES_ERROR;
				CLANG_WARN_RANGE_LOOP_ANALYSIS = YES;
				CLANG_WARN_STRICT_PROTOTYPES = YES;
				CLANG_WARN_SUSPICIOUS_MOVE = YES;
				CLANG_WARN_UNGUARDED_AVAILABILITY = YES_AGGRESSIVE;
				CLANG_WARN_UNREACHABLE_CODE = YES;
				CLANG_WARN__DUPLICATE_METHOD_MATCH = YES;
				COPY_PHASE_STRIP = NO;
				DEBUG_INFORMATION_FORMAT = dwarf;
				ENABLE_STRICT_OBJC_MSGSEND = YES;
				ENABLE_TESTABILITY = YES;
				GCC_C_LANGUAGE_STANDARD = gnu11;
				GCC_DYNAMIC_NO_PIC = NO;
				GCC_NO_COMMON_BLOCKS = YES;
				GCC_OPTIMIZATION_LEVEL = 0;
				GCC_PREPROCESSOR_DEFINITIONS = (
					"DEBUG=1",
					"$(inherited)",
				);
				GCC_WARN_64_TO_32_BIT_CONVERSION = YES;
				GCC_WARN_ABOUT_RETURN_TYPE = YES_ERROR;
				GCC_WARN_UNDECLARED_SELECTOR = YES;
				GCC_WARN_UNINITIALIZED_AUTOS = YES_AGGRESSIVE;
				GCC_WARN_UNUSED_FUNCTION = YES;
				GCC_WARN_UNUSED_VARIABLE = YES;
				IPHONEOS_DEPLOYMENT_TARGET = 13.5;
				MTL_ENABLE_DEBUG_INFO = INCLUDE_SOURCE;
				MTL_FAST_MATH = YES;
				ONLY_ACTIVE_ARCH = YES;
				SDKROOT = iphoneos;
				SWIFT_ACTIVE_COMPILATION_CONDITIONS = DEBUG;
				SWIFT_OPTIMIZATION_LEVEL = "-Onone";
			};
			name = Debug;
		};
		F144596824BE716400B5323C /* Release */ = {
			isa = XCBuildConfiguration;
			buildSettings = {
				ALWAYS_SEARCH_USER_PATHS = NO;
				CLANG_ANALYZER_NONNULL = YES;
				CLANG_ANALYZER_NUMBER_OBJECT_CONVERSION = YES_AGGRESSIVE;
				CLANG_CXX_LANGUAGE_STANDARD = "gnu++14";
				CLANG_CXX_LIBRARY = "libc++";
				CLANG_ENABLE_MODULES = YES;
				CLANG_ENABLE_OBJC_ARC = YES;
				CLANG_ENABLE_OBJC_WEAK = YES;
				CLANG_WARN_BLOCK_CAPTURE_AUTORELEASING = YES;
				CLANG_WARN_BOOL_CONVERSION = YES;
				CLANG_WARN_COMMA = YES;
				CLANG_WARN_CONSTANT_CONVERSION = YES;
				CLANG_WARN_DEPRECATED_OBJC_IMPLEMENTATIONS = YES;
				CLANG_WARN_DIRECT_OBJC_ISA_USAGE = YES_ERROR;
				CLANG_WARN_DOCUMENTATION_COMMENTS = YES;
				CLANG_WARN_EMPTY_BODY = YES;
				CLANG_WARN_ENUM_CONVERSION = YES;
				CLANG_WARN_INFINITE_RECURSION = YES;
				CLANG_WARN_INT_CONVERSION = YES;
				CLANG_WARN_NON_LITERAL_NULL_CONVERSION = YES;
				CLANG_WARN_OBJC_IMPLICIT_RETAIN_SELF = YES;
				CLANG_WARN_OBJC_LITERAL_CONVERSION = YES;
				CLANG_WARN_OBJC_ROOT_CLASS = YES_ERROR;
				CLANG_WARN_RANGE_LOOP_ANALYSIS = YES;
				CLANG_WARN_STRICT_PROTOTYPES = YES;
				CLANG_WARN_SUSPICIOUS_MOVE = YES;
				CLANG_WARN_UNGUARDED_AVAILABILITY = YES_AGGRESSIVE;
				CLANG_WARN_UNREACHABLE_CODE = YES;
				CLANG_WARN__DUPLICATE_METHOD_MATCH = YES;
				COPY_PHASE_STRIP = NO;
				DEBUG_INFORMATION_FORMAT = "dwarf-with-dsym";
				ENABLE_NS_ASSERTIONS = NO;
				ENABLE_STRICT_OBJC_MSGSEND = YES;
				GCC_C_LANGUAGE_STANDARD = gnu11;
				GCC_NO_COMMON_BLOCKS = YES;
				GCC_WARN_64_TO_32_BIT_CONVERSION = YES;
				GCC_WARN_ABOUT_RETURN_TYPE = YES_ERROR;
				GCC_WARN_UNDECLARED_SELECTOR = YES;
				GCC_WARN_UNINITIALIZED_AUTOS = YES_AGGRESSIVE;
				GCC_WARN_UNUSED_FUNCTION = YES;
				GCC_WARN_UNUSED_VARIABLE = YES;
				IPHONEOS_DEPLOYMENT_TARGET = 13.5;
				MTL_ENABLE_DEBUG_INFO = NO;
				MTL_FAST_MATH = YES;
				SDKROOT = iphoneos;
				SWIFT_COMPILATION_MODE = wholemodule;
				SWIFT_OPTIMIZATION_LEVEL = "-O";
				VALIDATE_PRODUCT = YES;
			};
			name = Release;
		};
		F144596A24BE716400B5323C /* Debug */ = {
			isa = XCBuildConfiguration;
			buildSettings = {
				ASSETCATALOG_COMPILER_APPICON_NAME = AppIcon;
				CODE_SIGN_STYLE = Automatic;
				DEVELOPMENT_ASSET_PATHS = "\"Business card/Preview Content\"";
				ENABLE_PREVIEWS = YES;
				INFOPLIST_FILE = "Business card/Info.plist";
				LD_RUNPATH_SEARCH_PATHS = (
					"$(inherited)",
					"@executable_path/Frameworks",
				);
				PRODUCT_BUNDLE_IDENTIFIER = "com.homer-li.Business-card";
				PRODUCT_NAME = "$(TARGET_NAME)";
				SWIFT_VERSION = 5.0;
				TARGETED_DEVICE_FAMILY = "1,2";
			};
			name = Debug;
		};
		F144596B24BE716400B5323C /* Release */ = {
			isa = XCBuildConfiguration;
			buildSettings = {
				ASSETCATALOG_COMPILER_APPICON_NAME = AppIcon;
				CODE_SIGN_STYLE = Automatic;
				DEVELOPMENT_ASSET_PATHS = "\"Business card/Preview Content\"";
				ENABLE_PREVIEWS = YES;
				INFOPLIST_FILE = "Business card/Info.plist";
				LD_RUNPATH_SEARCH_PATHS = (
					"$(inherited)",
					"@executable_path/Frameworks",
				);
				PRODUCT_BUNDLE_IDENTIFIER = "com.homer-li.Business-card";
				PRODUCT_NAME = "$(TARGET_NAME)";
				SWIFT_VERSION = 5.0;
				TARGETED_DEVICE_FAMILY = "1,2";
			};
			name = Release;
		};
/* End XCBuildConfiguration section */

/* Begin XCConfigurationList section */
		F144595024BE716100B5323C /* Build configuration list for PBXProject "Business card" */ = {
			isa = XCConfigurationList;
			buildConfigurations = (
				F144596724BE716400B5323C /* Debug */,
				F144596824BE716400B5323C /* Release */,
			);
			defaultConfigurationIsVisible = 0;
			defaultConfigurationName = Release;
		};
		F144596924BE716400B5323C /* Build configuration list for PBXNativeTarget "Business card" */ = {
			isa = XCConfigurationList;
			buildConfigurations = (
				F144596A24BE716400B5323C /* Debug */,
				F144596B24BE716400B5323C /* Release */,
			);
			defaultConfigurationIsVisible = 0;
			defaultConfigurationName = Release;
		};
/* End XCConfigurationList section */
	};
	rootObject = F144594D24BE716100B5323C /* Project object */;
}
