// !$*UTF8*$!
{
	archiveVersion = 1;
	classes = {
	};
	objectVersion = 50;
	objects = {

/* Begin PBXBuildFile section */
		F18AA12D246944990065DBFB /* AppDelegate.swift in Sources */ = {isa = PBXBuildFile; fileRef = F18AA12C246944990065DBFB /* AppDelegate.swift */; };
		F18AA12F246944990065DBFB /* SceneDelegate.swift in Sources */ = {isa = PBXBuildFile; fileRef = F18AA12E246944990065DBFB /* SceneDelegate.swift */; };
		F18AA131246944990065DBFB /* ViewController.swift in Sources */ = {isa = PBXBuildFile; fileRef = F18AA130246944990065DBFB /* ViewController.swift */; };
		F18AA1342469449A0065DBFB /* Main.storyboard in Resources */ = {isa = PBXBuildFile; fileRef = F18AA132246944990065DBFB /* Main.storyboard */; };
		F18AA1362469449D0065DBFB /* Assets.xcassets in Resources */ = {isa = PBXBuildFile; fileRef = F18AA1352469449D0065DBFB /* Assets.xcassets */; };
		F18AA1392469449D0065DBFB /* LaunchScreen.storyboard in Resources */ = {isa = PBXBuildFile; fileRef = F18AA1372469449D0065DBFB /* LaunchScreen.storyboard */; };
		F18AA14124694AAB0065DBFB /* mathGame.swift in Sources */ = {isa = PBXBuildFile; fileRef = F18AA14024694AAB0065DBFB /* mathGame.swift */; };
		F18AA14324694B820065DBFB /* additionGame.swift in Sources */ = {isa = PBXBuildFile; fileRef = F18AA14224694B820065DBFB /* additionGame.swift */; };
		F18AA1452469608F0065DBFB /* multiple.swift in Sources */ = {isa = PBXBuildFile; fileRef = F18AA1442469608F0065DBFB /* multiple.swift */; };
/* End PBXBuildFile section */

/* Begin PBXFileReference section */
		F18AA129246944990065DBFB /* mathGame.app */ = {isa = PBXFileReference; explicitFileType = wrapper.application; includeInIndex = 0; path = mathGame.app; sourceTree = BUILT_PRODUCTS_DIR; };
		F18AA12C246944990065DBFB /* AppDelegate.swift */ = {isa = PBXFileReference; lastKnownFileType = sourcecode.swift; path = AppDelegate.swift; sourceTree = "<group>"; };
		F18AA12E246944990065DBFB /* SceneDelegate.swift */ = {isa = PBXFileReference; lastKnownFileType = sourcecode.swift; path = SceneDelegate.swift; sourceTree = "<group>"; };
		F18AA130246944990065DBFB /* ViewController.swift */ = {isa = PBXFileReference; lastKnownFileType = sourcecode.swift; path = ViewController.swift; sourceTree = "<group>"; };
		F18AA133246944990065DBFB /* Base */ = {isa = PBXFileReference; lastKnownFileType = file.storyboard; name = Base; path = Base.lproj/Main.storyboard; sourceTree = "<group>"; };
		F18AA1352469449D0065DBFB /* Assets.xcassets */ = {isa = PBXFileReference; lastKnownFileType = folder.assetcatalog; path = Assets.xcassets; sourceTree = "<group>"; };
		F18AA1382469449D0065DBFB /* Base */ = {isa = PBXFileReference; lastKnownFileType = file.storyboard; name = Base; path = Base.lproj/LaunchScreen.storyboard; sourceTree = "<group>"; };
		F18AA13A2469449D0065DBFB /* Info.plist */ = {isa = PBXFileReference; lastKnownFileType = text.plist.xml; path = Info.plist; sourceTree = "<group>"; };
		F18AA14024694AAB0065DBFB /* mathGame.swift */ = {isa = PBXFileReference; lastKnownFileType = sourcecode.swift; path = mathGame.swift; sourceTree = "<group>"; };
		F18AA14224694B820065DBFB /* additionGame.swift */ = {isa = PBXFileReference; lastKnownFileType = sourcecode.swift; path = additionGame.swift; sourceTree = "<group>"; };
		F18AA1442469608F0065DBFB /* multiple.swift */ = {isa = PBXFileReference; lastKnownFileType = sourcecode.swift; path = multiple.swift; sourceTree = "<group>"; };
/* End PBXFileReference section */

/* Begin PBXFrameworksBuildPhase section */
		F18AA126246944990065DBFB /* Frameworks */ = {
			isa = PBXFrameworksBuildPhase;
			buildActionMask = 2147483647;
			files = (
			);
			runOnlyForDeploymentPostprocessing = 0;
		};
/* End PBXFrameworksBuildPhase section */

/* Begin PBXGroup section */
		F18AA120246944990065DBFB = {
			isa = PBXGroup;
			children = (
				F18AA12B246944990065DBFB /* mathGame */,
				F18AA12A246944990065DBFB /* Products */,
			);
			sourceTree = "<group>";
		};
		F18AA12A246944990065DBFB /* Products */ = {
			isa = PBXGroup;
			children = (
				F18AA129246944990065DBFB /* mathGame.app */,
			);
			name = Products;
			sourceTree = "<group>";
		};
		F18AA12B246944990065DBFB /* mathGame */ = {
			isa = PBXGroup;
			children = (
				F18AA12C246944990065DBFB /* AppDelegate.swift */,
				F18AA12E246944990065DBFB /* SceneDelegate.swift */,
				F18AA130246944990065DBFB /* ViewController.swift */,
				F18AA132246944990065DBFB /* Main.storyboard */,
				F18AA1352469449D0065DBFB /* Assets.xcassets */,
				F18AA1372469449D0065DBFB /* LaunchScreen.storyboard */,
				F18AA13A2469449D0065DBFB /* Info.plist */,
				F18AA14024694AAB0065DBFB /* mathGame.swift */,
				F18AA14224694B820065DBFB /* additionGame.swift */,
				F18AA1442469608F0065DBFB /* multiple.swift */,
			);
			path = mathGame;
			sourceTree = "<group>";
		};
/* End PBXGroup section */

/* Begin PBXNativeTarget section */
		F18AA128246944990065DBFB /* mathGame */ = {
			isa = PBXNativeTarget;
			buildConfigurationList = F18AA13D2469449D0065DBFB /* Build configuration list for PBXNativeTarget "mathGame" */;
			buildPhases = (
				F18AA125246944990065DBFB /* Sources */,
				F18AA126246944990065DBFB /* Frameworks */,
				F18AA127246944990065DBFB /* Resources */,
			);
			buildRules = (
			);
			dependencies = (
			);
			name = mathGame;
			productName = mathGame;
			productReference = F18AA129246944990065DBFB /* mathGame.app */;
			productType = "com.apple.product-type.application";
		};
/* End PBXNativeTarget section */

/* Begin PBXProject section */
		F18AA121246944990065DBFB /* Project object */ = {
			isa = PBXProject;
			attributes = {
				LastSwiftUpdateCheck = 1140;
				LastUpgradeCheck = 1140;
				ORGANIZATIONNAME = "Homer li";
				TargetAttributes = {
					F18AA128246944990065DBFB = {
						CreatedOnToolsVersion = 11.4.1;
					};
				};
			};
			buildConfigurationList = F18AA124246944990065DBFB /* Build configuration list for PBXProject "mathGame" */;
			compatibilityVersion = "Xcode 9.3";
			developmentRegion = en;
			hasScannedForEncodings = 0;
			knownRegions = (
				en,
				Base,
			);
			mainGroup = F18AA120246944990065DBFB;
			productRefGroup = F18AA12A246944990065DBFB /* Products */;
			projectDirPath = "";
			projectRoot = "";
			targets = (
				F18AA128246944990065DBFB /* mathGame */,
			);
		};
/* End PBXProject section */

/* Begin PBXResourcesBuildPhase section */
		F18AA127246944990065DBFB /* Resources */ = {
			isa = PBXResourcesBuildPhase;
			buildActionMask = 2147483647;
			files = (
				F18AA1392469449D0065DBFB /* LaunchScreen.storyboard in Resources */,
				F18AA1362469449D0065DBFB /* Assets.xcassets in Resources */,
				F18AA1342469449A0065DBFB /* Main.storyboard in Resources */,
			);
			runOnlyForDeploymentPostprocessing = 0;
		};
/* End PBXResourcesBuildPhase section */

/* Begin PBXSourcesBuildPhase section */
		F18AA125246944990065DBFB /* Sources */ = {
			isa = PBXSourcesBuildPhase;
			buildActionMask = 2147483647;
			files = (
				F18AA131246944990065DBFB /* ViewController.swift in Sources */,
				F18AA14324694B820065DBFB /* additionGame.swift in Sources */,
				F18AA14124694AAB0065DBFB /* mathGame.swift in Sources */,
				F18AA12D246944990065DBFB /* AppDelegate.swift in Sources */,
				F18AA12F246944990065DBFB /* SceneDelegate.swift in Sources */,
				F18AA1452469608F0065DBFB /* multiple.swift in Sources */,
			);
			runOnlyForDeploymentPostprocessing = 0;
		};
/* End PBXSourcesBuildPhase section */

/* Begin PBXVariantGroup section */
		F18AA132246944990065DBFB /* Main.storyboard */ = {
			isa = PBXVariantGroup;
			children = (
				F18AA133246944990065DBFB /* Base */,
			);
			name = Main.storyboard;
			sourceTree = "<group>";
		};
		F18AA1372469449D0065DBFB /* LaunchScreen.storyboard */ = {
			isa = PBXVariantGroup;
			children = (
				F18AA1382469449D0065DBFB /* Base */,
			);
			name = LaunchScreen.storyboard;
			sourceTree = "<group>";
		};
/* End PBXVariantGroup section */

/* Begin XCBuildConfiguration section */
		F18AA13B2469449D0065DBFB /* Debug */ = {
			isa = XCBuildConfiguration;
			buildSettings = {
				ALWAYS_SEARCH_USER_PATHS = NO;
				CLANG_ANALYZER_NONNULL = YES;
				CLANG_ANALYZER_NUMBER_OBJECT_CONVERSION = YES_AGGRESSIVE;
				CLANG_CXX_LANGUAGE_STANDARD = "gnu++14";
				CLANG_CXX_LIBRARY = "libc++";
				CLANG_ENABLE_MODULES = YES;
				CLANG_ENABLE_OBJC_ARC = YES;
				CLANG_ENABLE_OBJC_WEAK = YES;
				CLANG_WARN_BLOCK_CAPTURE_AUTORELEASING = YES;
				CLANG_WARN_BOOL_CONVERSION = YES;
				CLANG_WARN_COMMA = YES;
				CLANG_WARN_CONSTANT_CONVERSION = YES;
				CLANG_WARN_DEPRECATED_OBJC_IMPLEMENTATIONS = YES;
				CLANG_WARN_DIRECT_OBJC_ISA_USAGE = YES_ERROR;
				CLANG_WARN_DOCUMENTATION_COMMENTS = YES;
				CLANG_WARN_EMPTY_BODY = YES;
				CLANG_WARN_ENUM_CONVERSION = YES;
				CLANG_WARN_INFINITE_RECURSION = YES;
				CLANG_WARN_INT_CONVERSION = YES;
				CLANG_WARN_NON_LITERAL_NULL_CONVERSION = YES;
				CLANG_WARN_OBJC_IMPLICIT_RETAIN_SELF = YES;
				CLANG_WARN_OBJC_LITERAL_CONVERSION = YES;
				CLANG_WARN_OBJC_ROOT_CLASS = YES_ERROR;
				CLANG_WARN_RANGE_LOOP_ANALYSIS = YES;
				CLANG_WARN_STRICT_PROTOTYPES = YES;
				CLANG_WARN_SUSPICIOUS_MOVE = YES;
				CLANG_WARN_UNGUARDED_AVAILABILITY = YES_AGGRESSIVE;
				CLANG_WARN_UNREACHABLE_CODE = YES;
				CLANG_WARN__DUPLICATE_METHOD_MATCH = YES;
				COPY_PHASE_STRIP = NO;
				DEBUG_INFORMATION_FORMAT = dwarf;
				ENABLE_STRICT_OBJC_MSGSEND = YES;
				ENABLE_TESTABILITY = YES;
				GCC_C_LANGUAGE_STANDARD = gnu11;
				GCC_DYNAMIC_NO_PIC = NO;
				GCC_NO_COMMON_BLOCKS = YES;
				GCC_OPTIMIZATION_LEVEL = 0;
				GCC_PREPROCESSOR_DEFINITIONS = (
					"DEBUG=1",
					"$(inherited)",
				);
				GCC_WARN_64_TO_32_BIT_CONVERSION = YES;
				GCC_WARN_ABOUT_RETURN_TYPE = YES_ERROR;
				GCC_WARN_UNDECLARED_SELECTOR = YES;
				GCC_WARN_UNINITIALIZED_AUTOS = YES_AGGRESSIVE;
				GCC_WARN_UNUSED_FUNCTION = YES;
				GCC_WARN_UNUSED_VARIABLE = YES;
				IPHONEOS_DEPLOYMENT_TARGET = 13.4;
				MTL_ENABLE_DEBUG_INFO = INCLUDE_SOURCE;
				MTL_FAST_MATH = YES;
				ONLY_ACTIVE_ARCH = YES;
				SDKROOT = iphoneos;
				SWIFT_ACTIVE_COMPILATION_CONDITIONS = DEBUG;
				SWIFT_OPTIMIZATION_LEVEL = "-Onone";
			};
			name = Debug;
		};
		F18AA13C2469449D0065DBFB /* Release */ = {
			isa = XCBuildConfiguration;
			buildSettings = {
				ALWAYS_SEARCH_USER_PATHS = NO;
				CLANG_ANALYZER_NONNULL = YES;
				CLANG_ANALYZER_NUMBER_OBJECT_CONVERSION = YES_AGGRESSIVE;
				CLANG_CXX_LANGUAGE_STANDARD = "gnu++14";
				CLANG_CXX_LIBRARY = "libc++";
				CLANG_ENABLE_MODULES = YES;
				CLANG_ENABLE_OBJC_ARC = YES;
				CLANG_ENABLE_OBJC_WEAK = YES;
				CLANG_WARN_BLOCK_CAPTURE_AUTORELEASING = YES;
				CLANG_WARN_BOOL_CONVERSION = YES;
				CLANG_WARN_COMMA = YES;
				CLANG_WARN_CONSTANT_CONVERSION = YES;
				CLANG_WARN_DEPRECATED_OBJC_IMPLEMENTATIONS = YES;
				CLANG_WARN_DIRECT_OBJC_ISA_USAGE = YES_ERROR;
				CLANG_WARN_DOCUMENTATION_COMMENTS = YES;
				CLANG_WARN_EMPTY_BODY = YES;
				CLANG_WARN_ENUM_CONVERSION = YES;
				CLANG_WARN_INFINITE_RECURSION = YES;
				CLANG_WARN_INT_CONVERSION = YES;
				CLANG_WARN_NON_LITERAL_NULL_CONVERSION = YES;
				CLANG_WARN_OBJC_IMPLICIT_RETAIN_SELF = YES;
				CLANG_WARN_OBJC_LITERAL_CONVERSION = YES;
				CLANG_WARN_OBJC_ROOT_CLASS = YES_ERROR;
				CLANG_WARN_RANGE_LOOP_ANALYSIS = YES;
				CLANG_WARN_STRICT_PROTOTYPES = YES;
				CLANG_WARN_SUSPICIOUS_MOVE = YES;
				CLANG_WARN_UNGUARDED_AVAILABILITY = YES_AGGRESSIVE;
				CLANG_WARN_UNREACHABLE_CODE = YES;
				CLANG_WARN__DUPLICATE_METHOD_MATCH = YES;
				COPY_PHASE_STRIP = NO;
				DEBUG_INFORMATION_FORMAT = "dwarf-with-dsym";
				ENABLE_NS_ASSERTIONS = NO;
				ENABLE_STRICT_OBJC_MSGSEND = YES;
				GCC_C_LANGUAGE_STANDARD = gnu11;
				GCC_NO_COMMON_BLOCKS = YES;
				GCC_WARN_64_TO_32_BIT_CONVERSION = YES;
				GCC_WARN_ABOUT_RETURN_TYPE = YES_ERROR;
				GCC_WARN_UNDECLARED_SELECTOR = YES;
				GCC_WARN_UNINITIALIZED_AUTOS = YES_AGGRESSIVE;
				GCC_WARN_UNUSED_FUNCTION = YES;
				GCC_WARN_UNUSED_VARIABLE = YES;
				IPHONEOS_DEPLOYMENT_TARGET = 13.4;
				MTL_ENABLE_DEBUG_INFO = NO;
				MTL_FAST_MATH = YES;
				SDKROOT = iphoneos;
				SWIFT_COMPILATION_MODE = wholemodule;
				SWIFT_OPTIMIZATION_LEVEL = "-O";
				VALIDATE_PRODUCT = YES;
			};
			name = Release;
		};
		F18AA13E2469449D0065DBFB /* Debug */ = {
			isa = XCBuildConfiguration;
			buildSettings = {
				ASSETCATALOG_COMPILER_APPICON_NAME = AppIcon;
				CODE_SIGN_STYLE = Automatic;
				DEVELOPMENT_TEAM = F6G2R4T4C2;
				INFOPLIST_FILE = mathGame/Info.plist;
				LD_RUNPATH_SEARCH_PATHS = (
					"$(inherited)",
					"@executable_path/Frameworks",
				);
				PRODUCT_BUNDLE_IDENTIFIER = "com.homer-li.mathGame";
				PRODUCT_NAME = "$(TARGET_NAME)";
				SWIFT_VERSION = 5.0;
				TARGETED_DEVICE_FAMILY = "1,2";
			};
			name = Debug;
		};
		F18AA13F2469449D0065DBFB /* Release */ = {
			isa = XCBuildConfiguration;
			buildSettings = {
				ASSETCATALOG_COMPILER_APPICON_NAME = AppIcon;
				CODE_SIGN_STYLE = Automatic;
				DEVELOPMENT_TEAM = F6G2R4T4C2;
				INFOPLIST_FILE = mathGame/Info.plist;
				LD_RUNPATH_SEARCH_PATHS = (
					"$(inherited)",
					"@executable_path/Frameworks",
				);
				PRODUCT_BUNDLE_IDENTIFIER = "com.homer-li.mathGame";
				PRODUCT_NAME = "$(TARGET_NAME)";
				SWIFT_VERSION = 5.0;
				TARGETED_DEVICE_FAMILY = "1,2";
			};
			name = Release;
		};
/* End XCBuildConfiguration section */

/* Begin XCConfigurationList section */
		F18AA124246944990065DBFB /* Build configuration list for PBXProject "mathGame" */ = {
			isa = XCConfigurationList;
			buildConfigurations = (
				F18AA13B2469449D0065DBFB /* Debug */,
				F18AA13C2469449D0065DBFB /* Release */,
			);
			defaultConfigurationIsVisible = 0;
			defaultConfigurationName = Release;
		};
		F18AA13D2469449D0065DBFB /* Build configuration list for PBXNativeTarget "mathGame" */ = {
			isa = XCConfigurationList;
			buildConfigurations = (
				F18AA13E2469449D0065DBFB /* Debug */,
				F18AA13F2469449D0065DBFB /* Release */,
			);
			defaultConfigurationIsVisible = 0;
			defaultConfigurationName = Release;
		};
/* End XCConfigurationList section */
	};
	rootObject = F18AA121246944990065DBFB /* Project object */;
}
